
Microsoft Visual Studio Solution File, Format Version 11.00
# Visual Studio 2010
Project("{FAE04EC0-301F-11D3-BF4B-00C04F79EFBC}") = "Warbot_FSM_editor", "Assembly-CSharp.csproj", "{D1CB6789-990D-EC48-EF59-635D23691A57}"
EndProject
Global
	GlobalSection(SolutionConfigurationPlatforms) = preSolution
		Debug|Any CPU = Debug|Any CPU
		Release|Any CPU = Release|Any CPU
	EndGlobalSection
	GlobalSection(ProjectConfigurationPlatforms) = postSolution
		{D1CB6789-990D-EC48-EF59-635D23691A57}.Debug|Any CPU.ActiveCfg = Debug|Any CPU
		{D1CB6789-990D-EC48-EF59-635D23691A57}.Debug|Any CPU.Build.0 = Debug|Any CPU
		{D1CB6789-990D-EC48-EF59-635D23691A57}.Release|Any CPU.ActiveCfg = Release|Any CPU
		{D1CB6789-990D-EC48-EF59-635D23691A57}.Release|Any CPU.Build.0 = Release|Any CPU
	EndGlobalSection
	GlobalSection(SolutionProperties) = preSolution
		HideSolutionNode = FALSE
	EndGlobalSection
	GlobalSection(MonoDevelopProperties) = preSolution
		StartupItem = Assembly-CSharp.csproj
	EndGlobalSection
EndGlobal
